[[package]]
name = "ascii"
version = "0.9.1"
source = "registry+https://github.com/rust-lang/crates.io-index"

[[package]]
name = "byteorder"
version = "1.2.6"
source = "registry+https://github.com/rust-lang/crates.io-index"

[[package]]
name = "cesu8"
version = "1.1.0"
source = "registry+https://github.com/rust-lang/crates.io-index"

[[package]]
name = "cfg-if"
version = "0.1.5"
source = "registry+https://github.com/rust-lang/crates.io-index"

[[package]]
name = "combine"
version = "3.6.3"
source = "registry+https://github.com/rust-lang/crates.io-index"
dependencies = [
 "ascii 0.9.1 (registry+https://github.com/rust-lang/crates.io-index)",
 "byteorder 1.2.6 (registry+https://github.com/rust-lang/crates.io-index)",
 "either 1.5.0 (registry+https://github.com/rust-lang/crates.io-index)",
 "memchr 2.1.1 (registry+https://github.com/rust-lang/crates.io-index)",
 "unreachable 1.0.0 (registry+https://github.com/rust-lang/crates.io-index)",
]

[[package]]
name = "either"
version = "1.5.0"
source = "registry+https://github.com/rust-lang/crates.io-index"

[[package]]
name = "error-chain"
version = "0.12.0"
source = "registry+https://github.com/rust-lang/crates.io-index"

[[package]]
name = "itertools"
version = "0.7.8"
source = "registry+https://github.com/rust-lang/crates.io-index"
dependencies = [
 "either 1.5.0 (registry+https://github.com/rust-lang/crates.io-index)",
]

[[package]]
name = "jni"
version = "0.10.2"
source = "registry+https://github.com/rust-lang/crates.io-index"
dependencies = [
 "cesu8 1.1.0 (registry+https://github.com/rust-lang/crates.io-index)",
 "combine 3.6.3 (registry+https://github.com/rust-lang/crates.io-index)",
 "error-chain 0.12.0 (registry+https://github.com/rust-lang/crates.io-index)",
 "jni-sys 0.3.0 (registry+https://github.com/rust-lang/crates.io-index)",
 "log 0.4.5 (registry+https://github.com/rust-lang/crates.io-index)",
 "walkdir 2.2.7 (registry+https://github.com/rust-lang/crates.io-index)",
]

[[package]]
name = "jni-sys"
version = "0.3.0"
source = "registry+https://github.com/rust-lang/crates.io-index"

[[package]]
name = "libc"
version = "0.2.43"
source = "registry+https://github.com/rust-lang/crates.io-index"

[[package]]
name = "log"
version = "0.4.5"
source = "registry+https://github.com/rust-lang/crates.io-index"
dependencies = [
 "cfg-if 0.1.5 (registry+https://github.com/rust-lang/crates.io-index)",
]

[[package]]
name = "memchr"
version = "2.1.1"
source = "registry+https://github.com/rust-lang/crates.io-index"
dependencies = [
 "cfg-if 0.1.5 (registry+https://github.com/rust-lang/crates.io-index)",
 "libc 0.2.43 (registry+https://github.com/rust-lang/crates.io-index)",
 "version_check 0.1.5 (registry+https://github.com/rust-lang/crates.io-index)",
]

[[package]]
name = "num"
version = "0.2.0"
source = "registry+https://github.com/rust-lang/crates.io-index"
dependencies = [
 "num-bigint 0.2.1 (registry+https://github.com/rust-lang/crates.io-index)",
 "num-complex 0.2.0 (registry+https://github.com/rust-lang/crates.io-index)",
 "num-integer 0.1.39 (registry+https://github.com/rust-lang/crates.io-index)",
 "num-iter 0.1.37 (registry+https://github.com/rust-lang/crates.io-index)",
 "num-rational 0.2.1 (registry+https://github.com/rust-lang/crates.io-index)",
 "num-traits 0.2.6 (registry+https://github.com/rust-lang/crates.io-index)",
]

[[package]]
name = "num-bigint"
version = "0.2.1"
source = "registry+https://github.com/rust-lang/crates.io-index"
dependencies = [
 "num-integer 0.1.39 (registry+https://github.com/rust-lang/crates.io-index)",
 "num-traits 0.2.6 (registry+https://github.com/rust-lang/crates.io-index)",
]

[[package]]
name = "num-complex"
version = "0.2.0"
source = "registry+https://github.com/rust-lang/crates.io-index"
dependencies = [
 "num-traits 0.2.6 (registry+https://github.com/rust-lang/crates.io-index)",
]

[[package]]
name = "num-integer"
version = "0.1.39"
source = "registry+https://github.com/rust-lang/crates.io-index"
dependencies = [
 "num-traits 0.2.6 (registry+https://github.com/rust-lang/crates.io-index)",
]

[[package]]
name = "num-iter"
version = "0.1.37"
source = "registry+https://github.com/rust-lang/crates.io-index"
dependencies = [
 "num-integer 0.1.39 (registry+https://github.com/rust-lang/crates.io-index)",
 "num-traits 0.2.6 (registry+https://github.com/rust-lang/crates.io-index)",
]

[[package]]
name = "num-rational"
version = "0.2.1"
source = "registry+https://github.com/rust-lang/crates.io-index"
dependencies = [
 "num-bigint 0.2.1 (registry+https://github.com/rust-lang/crates.io-index)",
 "num-integer 0.1.39 (registry+https://github.com/rust-lang/crates.io-index)",
 "num-traits 0.2.6 (registry+https://github.com/rust-lang/crates.io-index)",
]

[[package]]
name = "num-traits"
version = "0.2.6"
source = "registry+https://github.com/rust-lang/crates.io-index"

[[package]]
name = "rust"
version = "0.1.0"
dependencies = [
 "itertools 0.7.8 (registry+https://github.com/rust-lang/crates.io-index)",
 "jni 0.10.2 (registry+https://github.com/rust-lang/crates.io-index)",
 "libc 0.2.43 (registry+https://github.com/rust-lang/crates.io-index)",
 "num 0.2.0 (registry+https://github.com/rust-lang/crates.io-index)",
 "num-complex 0.2.0 (registry+https://github.com/rust-lang/crates.io-index)",
]

[[package]]
name = "same-file"
version = "1.0.4"
source = "registry+https://github.com/rust-lang/crates.io-index"
dependencies = [
 "winapi-util 0.1.1 (registry+https://github.com/rust-lang/crates.io-index)",
]

[[package]]
name = "unreachable"
version = "1.0.0"
source = "registry+https://github.com/rust-lang/crates.io-index"
dependencies = [
 "void 1.0.2 (registry+https://github.com/rust-lang/crates.io-index)",
]

[[package]]
name = "version_check"
version = "0.1.5"
source = "registry+https://github.com/rust-lang/crates.io-index"

[[package]]
name = "void"
version = "1.0.2"
source = "registry+https://github.com/rust-lang/crates.io-index"

[[package]]
name = "walkdir"
version = "2.2.7"
source = "registry+https://github.com/rust-lang/crates.io-index"
dependencies = [
 "same-file 1.0.4 (registry+https://github.com/rust-lang/crates.io-index)",
 "winapi 0.3.6 (registry+https://github.com/rust-lang/crates.io-index)",
 "winapi-util 0.1.1 (registry+https://github.com/rust-lang/crates.io-index)",
]

[[package]]
name = "winapi"
version = "0.3.6"
source = "registry+https://github.com/rust-lang/crates.io-index"
dependencies = [
 "winapi-i686-pc-windows-gnu 0.4.0 (registry+https://github.com/rust-lang/crates.io-index)",
 "winapi-x86_64-pc-windows-gnu 0.4.0 (registry+https://github.com/rust-lang/crates.io-index)",
]

[[package]]
name = "winapi-i686-pc-windows-gnu"
version = "0.4.0"
source = "registry+https://github.com/rust-lang/crates.io-index"

[[package]]
name = "winapi-util"
version = "0.1.1"
source = "registry+https://github.com/rust-lang/crates.io-index"
dependencies = [
 "winapi 0.3.6 (registry+https://github.com/rust-lang/crates.io-index)",
]

[[package]]
name = "winapi-x86_64-pc-windows-gnu"
version = "0.4.0"
source = "registry+https://github.com/rust-lang/crates.io-index"

[metadata]
"checksum ascii 0.9.1 (registry+https://github.com/rust-lang/crates.io-index)" = "a5fc969a8ce2c9c0c4b0429bb8431544f6658283c8326ba5ff8c762b75369335"
"checksum byteorder 1.2.6 (registry+https://github.com/rust-lang/crates.io-index)" = "90492c5858dd7d2e78691cfb89f90d273a2800fc11d98f60786e5d87e2f83781"
"checksum cesu8 1.1.0 (registry+https://github.com/rust-lang/crates.io-index)" = "6d43a04d8753f35258c91f8ec639f792891f748a1edbd759cf1dcea3382ad83c"
"checksum cfg-if 0.1.5 (registry+https://github.com/rust-lang/crates.io-index)" = "0c4e7bb64a8ebb0d856483e1e682ea3422f883c5f5615a90d51a2c82fe87fdd3"
"checksum combine 3.6.3 (registry+https://github.com/rust-lang/crates.io-index)" = "db733c5d0f4f52e78d4417959cadf0eecc7476e7f9ece05677912571a4af34e2"
"checksum either 1.5.0 (registry+https://github.com/rust-lang/crates.io-index)" = "3be565ca5c557d7f59e7cfcf1844f9e3033650c929c6566f511e8005f205c1d0"
"checksum error-chain 0.12.0 (registry+https://github.com/rust-lang/crates.io-index)" = "07e791d3be96241c77c43846b665ef1384606da2cd2a48730abe606a12906e02"
"checksum itertools 0.7.8 (registry+https://github.com/rust-lang/crates.io-index)" = "f58856976b776fedd95533137617a02fb25719f40e7d9b01c7043cd65474f450"
"checksum jni 0.10.2 (registry+https://github.com/rust-lang/crates.io-index)" = "1ecfa3b81afc64d9a6539c4eece96ac9a93c551c713a313800dade8e33d7b5c1"
"checksum jni-sys 0.3.0 (registry+https://github.com/rust-lang/crates.io-index)" = "8eaf4bc02d17cbdd7ff4c7438cafcdf7fb9a4613313ad11b4f8fefe7d3fa0130"
"checksum libc 0.2.43 (registry+https://github.com/rust-lang/crates.io-index)" = "76e3a3ef172f1a0b9a9ff0dd1491ae5e6c948b94479a3021819ba7d860c8645d"
"checksum log 0.4.5 (registry+https://github.com/rust-lang/crates.io-index)" = "d4fcce5fa49cc693c312001daf1d13411c4a5283796bac1084299ea3e567113f"
"checksum memchr 2.1.1 (registry+https://github.com/rust-lang/crates.io-index)" = "0a3eb002f0535929f1199681417029ebea04aadc0c7a4224b46be99c7f5d6a16"
"checksum num 0.2.0 (registry+https://github.com/rust-lang/crates.io-index)" = "cf4825417e1e1406b3782a8ce92f4d53f26ec055e3622e1881ca8e9f5f9e08db"
"checksum num-bigint 0.2.1 (registry+https://github.com/rust-lang/crates.io-index)" = "10b8423ea72ec64751198856a853e07b37087cfc9b53a87ecb19bff67b6d1320"
"checksum num-complex 0.2.0 (registry+https://github.com/rust-lang/crates.io-index)" = "68de83578789e0fbda3fa923035be83cf8bfd3b30ccfdecd5aa89bf8601f408e"
"checksum num-integer 0.1.39 (registry+https://github.com/rust-lang/crates.io-index)" = "e83d528d2677f0518c570baf2b7abdcf0cd2d248860b68507bdcb3e91d4c0cea"
"checksum num-iter 0.1.37 (registry+https://github.com/rust-lang/crates.io-index)" = "af3fdbbc3291a5464dc57b03860ec37ca6bf915ed6ee385e7c6c052c422b2124"
"checksum num-rational 0.2.1 (registry+https://github.com/rust-lang/crates.io-index)" = "4e96f040177bb3da242b5b1ecf3f54b5d5af3efbbfb18608977a5d2767b22f10"
"checksum num-traits 0.2.6 (registry+https://github.com/rust-lang/crates.io-index)" = "0b3a5d7cc97d6d30d8b9bc8fa19bf45349ffe46241e8816f50f62f6d6aaabee1"
"checksum same-file 1.0.4 (registry+https://github.com/rust-lang/crates.io-index)" = "8f20c4be53a8a1ff4c1f1b2bd14570d2f634628709752f0702ecdd2b3f9a5267"
"checksum unreachable 1.0.0 (registry+https://github.com/rust-lang/crates.io-index)" = "382810877fe448991dfc7f0dd6e3ae5d58088fd0ea5e35189655f84e6814fa56"
"checksum version_check 0.1.5 (registry+https://github.com/rust-lang/crates.io-index)" = "914b1a6776c4c929a602fafd8bc742e06365d4bcbe48c30f9cca5824f70dc9dd"
"checksum void 1.0.2 (registry+https://github.com/rust-lang/crates.io-index)" = "6a02e4885ed3bc0f2de90ea6dd45ebcbb66dacffe03547fadbb0eeae2770887d"
"checksum walkdir 2.2.7 (registry+https://github.com/rust-lang/crates.io-index)" = "9d9d7ed3431229a144296213105a390676cc49c9b6a72bd19f3176c98e129fa1"
"checksum winapi 0.3.6 (registry+https://github.com/rust-lang/crates.io-index)" = "92c1eb33641e276cfa214a0522acad57be5c56b10cb348b3c5117db75f3ac4b0"
"checksum winapi-i686-pc-windows-gnu 0.4.0 (registry+https://github.com/rust-lang/crates.io-index)" = "ac3b87c63620426dd9b991e5ce0329eff545bccbbb34f3be09ff6fb6ab51b7b6"
"checksum winapi-util 0.1.1 (registry+https://github.com/rust-lang/crates.io-index)" = "afc5508759c5bf4285e61feb862b6083c8480aec864fa17a81fdec6f69b461ab"
"checksum winapi-x86_64-pc-windows-gnu 0.4.0 (registry+https://github.com/rust-lang/crates.io-index)" = "712e227841d057c1ee1cd2fb22fa7e5a5461ae8e48fa2ca79ec42cfc1931183f"
